
Microsoft Visual Studio Solution File, Format Version 12.00
# Visual Studio Version 16
VisualStudioVersion = 25.0.1706.8
MinimumVisualStudioVersion = 10.0.40219.1
Project("{FAE04EC0-301F-11D3-BF4B-00C04F79EFBC}") = "CsvJsonTgBot6V", "CsvJsonTgBot6V\CsvJsonTgBot6V.csproj", "{5B966A97-217D-4C95-BC50-48B6232C067B}"
EndProject
Project("{FAE04EC0-301F-11D3-BF4B-00C04F79EFBC}") = "ProcessingLibrary", "ProcessingLibrary\ProcessingLibrary.csproj", "{C5C03CDD-3964-464D-832D-CA9B8E18E4CE}"
EndProject
Global
	GlobalSection(SolutionConfigurationPlatforms) = preSolution
		Debug|Any CPU = Debug|Any CPU
		Release|Any CPU = Release|Any CPU
	EndGlobalSection
	GlobalSection(ProjectConfigurationPlatforms) = postSolution
		{5B966A97-217D-4C95-BC50-48B6232C067B}.Debug|Any CPU.ActiveCfg = Debug|Any CPU
		{5B966A97-217D-4C95-BC50-48B6232C067B}.Debug|Any CPU.Build.0 = Debug|Any CPU
		{5B966A97-217D-4C95-BC50-48B6232C067B}.Release|Any CPU.ActiveCfg = Release|Any CPU
		{5B966A97-217D-4C95-BC50-48B6232C067B}.Release|Any CPU.Build.0 = Release|Any CPU
		{C5C03CDD-3964-464D-832D-CA9B8E18E4CE}.Debug|Any CPU.ActiveCfg = Debug|Any CPU
		{C5C03CDD-3964-464D-832D-CA9B8E18E4CE}.Debug|Any CPU.Build.0 = Debug|Any CPU
		{C5C03CDD-3964-464D-832D-CA9B8E18E4CE}.Release|Any CPU.ActiveCfg = Release|Any CPU
		{C5C03CDD-3964-464D-832D-CA9B8E18E4CE}.Release|Any CPU.Build.0 = Release|Any CPU
	EndGlobalSection
	GlobalSection(SolutionProperties) = preSolution
		HideSolutionNode = FALSE
	EndGlobalSection
	GlobalSection(ExtensibilityGlobals) = postSolution
		SolutionGuid = {13EE156E-9F18-4152-8665-8661F8E3E481}
	EndGlobalSection
EndGlobal
